// !$*UTF8*$!
{
	archiveVersion = 1;
	classes = {
	};
	objectVersion = 77;
	objects = {

/* Begin PBXBuildFile section */
		5B3148382DCB81F000AFDE0A /* CachedAsyncImage in Frameworks */ = {isa = PBXBuildFile; productRef = 5B3148372DCB81F000AFDE0A /* CachedAsyncImage */; };
		5B7D89A02DC01A4100E2AAAB /* ComposableArchitecture in Frameworks */ = {isa = PBXBuildFile; productRef = 5B7D899F2DC01A4100E2AAAB /* ComposableArchitecture */; };
		5BD924702DC23795005A8BF6 /* WidgetKit.framework in Frameworks */ = {isa = PBXBuildFile; fileRef = 5BBEFF252DC104BE004E2F5D /* WidgetKit.framework */; };
		5BD924712DC23795005A8BF6 /* SwiftUI.framework in Frameworks */ = {isa = PBXBuildFile; fileRef = 5BBEFF272DC104BE004E2F5D /* SwiftUI.framework */; };
		5BD9247E2DC23796005A8BF6 /* RadioLiveActivityWidgetExtension.appex in Embed Foundation Extensions */ = {isa = PBXBuildFile; fileRef = 5BD9246F2DC23795005A8BF6 /* RadioLiveActivityWidgetExtension.appex */; settings = {ATTRIBUTES = (RemoveHeadersOnCopy, ); }; };
/* End PBXBuildFile section */

/* Begin PBXContainerItemProxy section */
		5B7D895C2DC018B000E2AAAB /* PBXContainerItemProxy */ = {
			isa = PBXContainerItemProxy;
			containerPortal = 5B7D89462DC018AE00E2AAAB /* Project object */;
			proxyType = 1;
			remoteGlobalIDString = 5B7D894D2DC018AE00E2AAAB;
			remoteInfo = StreamingAudioPlayer;
		};
		5B7D89662DC018B000E2AAAB /* PBXContainerItemProxy */ = {
			isa = PBXContainerItemProxy;
			containerPortal = 5B7D89462DC018AE00E2AAAB /* Project object */;
			proxyType = 1;
			remoteGlobalIDString = 5B7D894D2DC018AE00E2AAAB;
			remoteInfo = StreamingAudioPlayer;
		};
		5BD9247C2DC23796005A8BF6 /* PBXContainerItemProxy */ = {
			isa = PBXContainerItemProxy;
			containerPortal = 5B7D89462DC018AE00E2AAAB /* Project object */;
			proxyType = 1;
			remoteGlobalIDString = 5BD9246E2DC23795005A8BF6;
			remoteInfo = RadioLiveActivityWidgetExtension;
		};
/* End PBXContainerItemProxy section */

/* Begin PBXCopyFilesBuildPhase section */
		5BBEFF3E2DC104BF004E2F5D /* Embed Foundation Extensions */ = {
			isa = PBXCopyFilesBuildPhase;
			buildActionMask = 2147483647;
			dstPath = "";
			dstSubfolderSpec = 13;
			files = (
				5BD9247E2DC23796005A8BF6 /* RadioLiveActivityWidgetExtension.appex in Embed Foundation Extensions */,
			);
			name = "Embed Foundation Extensions";
			runOnlyForDeploymentPostprocessing = 0;
		};
/* End PBXCopyFilesBuildPhase section */

/* Begin PBXFileReference section */
		5B7D894E2DC018AE00E2AAAB /* StreamingAudioPlayer.app */ = {isa = PBXFileReference; explicitFileType = wrapper.application; includeInIndex = 0; path = StreamingAudioPlayer.app; sourceTree = BUILT_PRODUCTS_DIR; };
		5B7D895B2DC018B000E2AAAB /* StreamingAudioPlayerTests.xctest */ = {isa = PBXFileReference; explicitFileType = wrapper.cfbundle; includeInIndex = 0; path = StreamingAudioPlayerTests.xctest; sourceTree = BUILT_PRODUCTS_DIR; };
		5B7D89652DC018B000E2AAAB /* StreamingAudioPlayerUITests.xctest */ = {isa = PBXFileReference; explicitFileType = wrapper.cfbundle; includeInIndex = 0; path = StreamingAudioPlayerUITests.xctest; sourceTree = BUILT_PRODUCTS_DIR; };
		5BBEFF252DC104BE004E2F5D /* WidgetKit.framework */ = {isa = PBXFileReference; lastKnownFileType = wrapper.framework; name = WidgetKit.framework; path = System/Library/Frameworks/WidgetKit.framework; sourceTree = SDKROOT; };
		5BBEFF272DC104BE004E2F5D /* SwiftUI.framework */ = {isa = PBXFileReference; lastKnownFileType = wrapper.framework; name = SwiftUI.framework; path = System/Library/Frameworks/SwiftUI.framework; sourceTree = SDKROOT; };
		5BD9246F2DC23795005A8BF6 /* RadioLiveActivityWidgetExtension.appex */ = {isa = PBXFileReference; explicitFileType = "wrapper.app-extension"; includeInIndex = 0; path = RadioLiveActivityWidgetExtension.appex; sourceTree = BUILT_PRODUCTS_DIR; };
		5BDAD6912DC3797200701D66 /* RadioLiveActivityWidgetExtension.entitlements */ = {isa = PBXFileReference; lastKnownFileType = text.plist.entitlements; path = RadioLiveActivityWidgetExtension.entitlements; sourceTree = "<group>"; };
/* End PBXFileReference section */

/* Begin PBXFileSystemSynchronizedBuildFileExceptionSet section */
		5B7058A72DC0F7D200C6C5A3 /* Exceptions for "StreamingAudioPlayer" folder in "StreamingAudioPlayer" target */ = {
			isa = PBXFileSystemSynchronizedBuildFileExceptionSet;
			membershipExceptions = (
				Info.plist,
			);
			target = 5B7D894D2DC018AE00E2AAAB /* StreamingAudioPlayer */;
		};
		5BD924822DC23796005A8BF6 /* Exceptions for "RadioLiveActivityWidget" folder in "RadioLiveActivityWidgetExtension" target */ = {
			isa = PBXFileSystemSynchronizedBuildFileExceptionSet;
			membershipExceptions = (
				Info.plist,
			);
			target = 5BD9246E2DC23795005A8BF6 /* RadioLiveActivityWidgetExtension */;
		};
		5BD924842DC23B6A005A8BF6 /* Exceptions for "RadioLiveActivityWidget" folder in "StreamingAudioPlayer" target */ = {
			isa = PBXFileSystemSynchronizedBuildFileExceptionSet;
			membershipExceptions = (
				Shared/AppGroup.swift,
				Shared/RadioLiveActivityAttributes.swift,
				Shared/UserDefaultKey.swift,
				"Shared/UserDefaults+Extensions.swift",
			);
			target = 5B7D894D2DC018AE00E2AAAB /* StreamingAudioPlayer */;
		};
		5BDAD69B2DC3E81F00701D66 /* Exceptions for "StreamingAudioPlayer" folder in "RadioLiveActivityWidgetExtension" target */ = {
			isa = PBXFileSystemSynchronizedBuildFileExceptionSet;
			membershipExceptions = (
				"Sources/Core/Extensions/URL+Extensions.swift",
				Sources/Services/Audio/AudioService.swift,
				Sources/Services/Audio/AudioStateObserver.swift,
			);
			target = 5BD9246E2DC23795005A8BF6 /* RadioLiveActivityWidgetExtension */;
		};
/* End PBXFileSystemSynchronizedBuildFileExceptionSet section */

/* Begin PBXFileSystemSynchronizedRootGroup section */
		5B7D89502DC018AE00E2AAAB /* StreamingAudioPlayer */ = {
			isa = PBXFileSystemSynchronizedRootGroup;
			exceptions = (
				5B7058A72DC0F7D200C6C5A3 /* Exceptions for "StreamingAudioPlayer" folder in "StreamingAudioPlayer" target */,
				5BDAD69B2DC3E81F00701D66 /* Exceptions for "StreamingAudioPlayer" folder in "RadioLiveActivityWidgetExtension" target */,
			);
			path = StreamingAudioPlayer;
			sourceTree = "<group>";
		};
		5B7D895E2DC018B000E2AAAB /* StreamingAudioPlayerTests */ = {
			isa = PBXFileSystemSynchronizedRootGroup;
			path = StreamingAudioPlayerTests;
			sourceTree = "<group>";
		};
		5B7D89682DC018B000E2AAAB /* StreamingAudioPlayerUITests */ = {
			isa = PBXFileSystemSynchronizedRootGroup;
			path = StreamingAudioPlayerUITests;
			sourceTree = "<group>";
		};
		5BD924722DC23795005A8BF6 /* RadioLiveActivityWidget */ = {
			isa = PBXFileSystemSynchronizedRootGroup;
			exceptions = (
				5BD924842DC23B6A005A8BF6 /* Exceptions for "RadioLiveActivityWidget" folder in "StreamingAudioPlayer" target */,
				5BD924822DC23796005A8BF6 /* Exceptions for "RadioLiveActivityWidget" folder in "RadioLiveActivityWidgetExtension" target */,
			);
			path = RadioLiveActivityWidget;
			sourceTree = "<group>";
		};
/* End PBXFileSystemSynchronizedRootGroup section */

/* Begin PBXFrameworksBuildPhase section */
		5B7D894B2DC018AE00E2AAAB /* Frameworks */ = {
			isa = PBXFrameworksBuildPhase;
			buildActionMask = 2147483647;
			files = (
				5B7D89A02DC01A4100E2AAAB /* ComposableArchitecture in Frameworks */,
				5B3148382DCB81F000AFDE0A /* CachedAsyncImage in Frameworks */,
			);
			runOnlyForDeploymentPostprocessing = 0;
		};
		5B7D89582DC018B000E2AAAB /* Frameworks */ = {
			isa = PBXFrameworksBuildPhase;
			buildActionMask = 2147483647;
			files = (
			);
			runOnlyForDeploymentPostprocessing = 0;
		};
		5B7D89622DC018B000E2AAAB /* Frameworks */ = {
			isa = PBXFrameworksBuildPhase;
			buildActionMask = 2147483647;
			files = (
			);
			runOnlyForDeploymentPostprocessing = 0;
		};
		5BD9246C2DC23795005A8BF6 /* Frameworks */ = {
			isa = PBXFrameworksBuildPhase;
			buildActionMask = 2147483647;
			files = (
				5BD924712DC23795005A8BF6 /* SwiftUI.framework in Frameworks */,
				5BD924702DC23795005A8BF6 /* WidgetKit.framework in Frameworks */,
			);
			runOnlyForDeploymentPostprocessing = 0;
		};
/* End PBXFrameworksBuildPhase section */

/* Begin PBXGroup section */
		5B7D89452DC018AE00E2AAAB = {
			isa = PBXGroup;
			children = (
				5BDAD6912DC3797200701D66 /* RadioLiveActivityWidgetExtension.entitlements */,
				5B7D89502DC018AE00E2AAAB /* StreamingAudioPlayer */,
				5B7D895E2DC018B000E2AAAB /* StreamingAudioPlayerTests */,
				5B7D89682DC018B000E2AAAB /* StreamingAudioPlayerUITests */,
				5BD924722DC23795005A8BF6 /* RadioLiveActivityWidget */,
				5BBEFF242DC104BE004E2F5D /* Frameworks */,
				5B7D894F2DC018AE00E2AAAB /* Products */,
			);
			sourceTree = "<group>";
		};
		5B7D894F2DC018AE00E2AAAB /* Products */ = {
			isa = PBXGroup;
			children = (
				5B7D894E2DC018AE00E2AAAB /* StreamingAudioPlayer.app */,
				5B7D895B2DC018B000E2AAAB /* StreamingAudioPlayerTests.xctest */,
				5B7D89652DC018B000E2AAAB /* StreamingAudioPlayerUITests.xctest */,
				5BD9246F2DC23795005A8BF6 /* RadioLiveActivityWidgetExtension.appex */,
			);
			name = Products;
			sourceTree = "<group>";
		};
		5BBEFF242DC104BE004E2F5D /* Frameworks */ = {
			isa = PBXGroup;
			children = (
				5BBEFF252DC104BE004E2F5D /* WidgetKit.framework */,
				5BBEFF272DC104BE004E2F5D /* SwiftUI.framework */,
			);
			name = Frameworks;
			sourceTree = "<group>";
		};
/* End PBXGroup section */

/* Begin PBXNativeTarget section */
		5B7D894D2DC018AE00E2AAAB /* StreamingAudioPlayer */ = {
			isa = PBXNativeTarget;
			buildConfigurationList = 5B7D896F2DC018B000E2AAAB /* Build configuration list for PBXNativeTarget "StreamingAudioPlayer" */;
			buildPhases = (
				5B7D894A2DC018AE00E2AAAB /* Sources */,
				5B7D894B2DC018AE00E2AAAB /* Frameworks */,
				5B7D894C2DC018AE00E2AAAB /* Resources */,
				5BBEFF3E2DC104BF004E2F5D /* Embed Foundation Extensions */,
			);
			buildRules = (
			);
			dependencies = (
				5BD9247D2DC23796005A8BF6 /* PBXTargetDependency */,
			);
			fileSystemSynchronizedGroups = (
				5B7D89502DC018AE00E2AAAB /* StreamingAudioPlayer */,
			);
			name = StreamingAudioPlayer;
			packageProductDependencies = (
				5B7D899F2DC01A4100E2AAAB /* ComposableArchitecture */,
				5B3148372DCB81F000AFDE0A /* CachedAsyncImage */,
			);
			productName = StreamingAudioPlayer;
			productReference = 5B7D894E2DC018AE00E2AAAB /* StreamingAudioPlayer.app */;
			productType = "com.apple.product-type.application";
		};
		5B7D895A2DC018B000E2AAAB /* StreamingAudioPlayerTests */ = {
			isa = PBXNativeTarget;
			buildConfigurationList = 5B7D89722DC018B000E2AAAB /* Build configuration list for PBXNativeTarget "StreamingAudioPlayerTests" */;
			buildPhases = (
				5B7D89572DC018B000E2AAAB /* Sources */,
				5B7D89582DC018B000E2AAAB /* Frameworks */,
				5B7D89592DC018B000E2AAAB /* Resources */,
			);
			buildRules = (
			);
			dependencies = (
				5B7D895D2DC018B000E2AAAB /* PBXTargetDependency */,
			);
			fileSystemSynchronizedGroups = (
				5B7D895E2DC018B000E2AAAB /* StreamingAudioPlayerTests */,
			);
			name = StreamingAudioPlayerTests;
			packageProductDependencies = (
			);
			productName = StreamingAudioPlayerTests;
			productReference = 5B7D895B2DC018B000E2AAAB /* StreamingAudioPlayerTests.xctest */;
			productType = "com.apple.product-type.bundle.unit-test";
		};
		5B7D89642DC018B000E2AAAB /* StreamingAudioPlayerUITests */ = {
			isa = PBXNativeTarget;
			buildConfigurationList = 5B7D89752DC018B000E2AAAB /* Build configuration list for PBXNativeTarget "StreamingAudioPlayerUITests" */;
			buildPhases = (
				5B7D89612DC018B000E2AAAB /* Sources */,
				5B7D89622DC018B000E2AAAB /* Frameworks */,
				5B7D89632DC018B000E2AAAB /* Resources */,
			);
			buildRules = (
			);
			dependencies = (
				5B7D89672DC018B000E2AAAB /* PBXTargetDependency */,
			);
			fileSystemSynchronizedGroups = (
				5B7D89682DC018B000E2AAAB /* StreamingAudioPlayerUITests */,
			);
			name = StreamingAudioPlayerUITests;
			packageProductDependencies = (
			);
			productName = StreamingAudioPlayerUITests;
			productReference = 5B7D89652DC018B000E2AAAB /* StreamingAudioPlayerUITests.xctest */;
			productType = "com.apple.product-type.bundle.ui-testing";
		};
		5BD9246E2DC23795005A8BF6 /* RadioLiveActivityWidgetExtension */ = {
			isa = PBXNativeTarget;
			buildConfigurationList = 5BD9247F2DC23796005A8BF6 /* Build configuration list for PBXNativeTarget "RadioLiveActivityWidgetExtension" */;
			buildPhases = (
				5BD9246B2DC23795005A8BF6 /* Sources */,
				5BD9246C2DC23795005A8BF6 /* Frameworks */,
				5BD9246D2DC23795005A8BF6 /* Resources */,
			);
			buildRules = (
			);
			dependencies = (
			);
			fileSystemSynchronizedGroups = (
				5BD924722DC23795005A8BF6 /* RadioLiveActivityWidget */,
			);
			name = RadioLiveActivityWidgetExtension;
			packageProductDependencies = (
			);
			productName = RadioLiveActivityWidgetExtension;
			productReference = 5BD9246F2DC23795005A8BF6 /* RadioLiveActivityWidgetExtension.appex */;
			productType = "com.apple.product-type.app-extension";
		};
/* End PBXNativeTarget section */

/* Begin PBXProject section */
		5B7D89462DC018AE00E2AAAB /* Project object */ = {
			isa = PBXProject;
			attributes = {
				BuildIndependentTargetsInParallel = 1;
				LastSwiftUpdateCheck = 1630;
				LastUpgradeCheck = 1630;
				TargetAttributes = {
					5B7D894D2DC018AE00E2AAAB = {
						CreatedOnToolsVersion = 16.3;
					};
					5B7D895A2DC018B000E2AAAB = {
						CreatedOnToolsVersion = 16.3;
						TestTargetID = 5B7D894D2DC018AE00E2AAAB;
					};
					5B7D89642DC018B000E2AAAB = {
						CreatedOnToolsVersion = 16.3;
						TestTargetID = 5B7D894D2DC018AE00E2AAAB;
					};
					5BD9246E2DC23795005A8BF6 = {
						CreatedOnToolsVersion = 16.3;
					};
				};
			};
			buildConfigurationList = 5B7D89492DC018AE00E2AAAB /* Build configuration list for PBXProject "StreamingAudioPlayer" */;
			developmentRegion = en;
			hasScannedForEncodings = 0;
			knownRegions = (
				en,
				Base,
			);
			mainGroup = 5B7D89452DC018AE00E2AAAB;
			minimizedProjectReferenceProxies = 1;
			packageReferences = (
				5B7D899E2DC01A4100E2AAAB /* XCRemoteSwiftPackageReference "swift-composable-architecture" */,
				5B3148362DCB81F000AFDE0A /* XCRemoteSwiftPackageReference "CachedAsyncImage" */,
			);
			preferredProjectObjectVersion = 77;
			productRefGroup = 5B7D894F2DC018AE00E2AAAB /* Products */;
			projectDirPath = "";
			projectRoot = "";
			targets = (
				5B7D894D2DC018AE00E2AAAB /* StreamingAudioPlayer */,
				5B7D895A2DC018B000E2AAAB /* StreamingAudioPlayerTests */,
				5B7D89642DC018B000E2AAAB /* StreamingAudioPlayerUITests */,
				5BD9246E2DC23795005A8BF6 /* RadioLiveActivityWidgetExtension */,
			);
		};
/* End PBXProject section */

/* Begin PBXResourcesBuildPhase section */
		5B7D894C2DC018AE00E2AAAB /* Resources */ = {
			isa = PBXResourcesBuildPhase;
			buildActionMask = 2147483647;
			files = (
			);
			runOnlyForDeploymentPostprocessing = 0;
		};
		5B7D89592DC018B000E2AAAB /* Resources */ = {
			isa = PBXResourcesBuildPhase;
			buildActionMask = 2147483647;
			files = (
			);
			runOnlyForDeploymentPostprocessing = 0;
		};
		5B7D89632DC018B000E2AAAB /* Resources */ = {
			isa = PBXResourcesBuildPhase;
			buildActionMask = 2147483647;
			files = (
			);
			runOnlyForDeploymentPostprocessing = 0;
		};
		5BD9246D2DC23795005A8BF6 /* Resources */ = {
			isa = PBXResourcesBuildPhase;
			buildActionMask = 2147483647;
			files = (
			);
			runOnlyForDeploymentPostprocessing = 0;
		};
/* End PBXResourcesBuildPhase section */

/* Begin PBXSourcesBuildPhase section */
		5B7D894A2DC018AE00E2AAAB /* Sources */ = {
			isa = PBXSourcesBuildPhase;
			buildActionMask = 2147483647;
			files = (
			);
			runOnlyForDeploymentPostprocessing = 0;
		};
		5B7D89572DC018B000E2AAAB /* Sources */ = {
			isa = PBXSourcesBuildPhase;
			buildActionMask = 2147483647;
			files = (
			);
			runOnlyForDeploymentPostprocessing = 0;
		};
		5B7D89612DC018B000E2AAAB /* Sources */ = {
			isa = PBXSourcesBuildPhase;
			buildActionMask = 2147483647;
			files = (
			);
			runOnlyForDeploymentPostprocessing = 0;
		};
		5BD9246B2DC23795005A8BF6 /* Sources */ = {
			isa = PBXSourcesBuildPhase;
			buildActionMask = 2147483647;
			files = (
			);
			runOnlyForDeploymentPostprocessing = 0;
		};
/* End PBXSourcesBuildPhase section */

/* Begin PBXTargetDependency section */
		5B7D895D2DC018B000E2AAAB /* PBXTargetDependency */ = {
			isa = PBXTargetDependency;
			target = 5B7D894D2DC018AE00E2AAAB /* StreamingAudioPlayer */;
			targetProxy = 5B7D895C2DC018B000E2AAAB /* PBXContainerItemProxy */;
		};
		5B7D89672DC018B000E2AAAB /* PBXTargetDependency */ = {
			isa = PBXTargetDependency;
			target = 5B7D894D2DC018AE00E2AAAB /* StreamingAudioPlayer */;
			targetProxy = 5B7D89662DC018B000E2AAAB /* PBXContainerItemProxy */;
		};
		5BD9247D2DC23796005A8BF6 /* PBXTargetDependency */ = {
			isa = PBXTargetDependency;
			target = 5BD9246E2DC23795005A8BF6 /* RadioLiveActivityWidgetExtension */;
			targetProxy = 5BD9247C2DC23796005A8BF6 /* PBXContainerItemProxy */;
		};
/* End PBXTargetDependency section */

/* Begin XCBuildConfiguration section */
		5B7D896D2DC018B000E2AAAB /* Debug */ = {
			isa = XCBuildConfiguration;
			buildSettings = {
				ALWAYS_SEARCH_USER_PATHS = NO;
				ASSETCATALOG_COMPILER_GENERATE_SWIFT_ASSET_SYMBOL_EXTENSIONS = YES;
				CLANG_ANALYZER_NONNULL = YES;
				CLANG_ANALYZER_NUMBER_OBJECT_CONVERSION = YES_AGGRESSIVE;
				CLANG_CXX_LANGUAGE_STANDARD = "gnu++20";
				CLANG_ENABLE_MODULES = YES;
				CLANG_ENABLE_OBJC_ARC = YES;
				CLANG_ENABLE_OBJC_WEAK = YES;
				CLANG_WARN_BLOCK_CAPTURE_AUTORELEASING = YES;
				CLANG_WARN_BOOL_CONVERSION = YES;
				CLANG_WARN_COMMA = YES;
				CLANG_WARN_CONSTANT_CONVERSION = YES;
				CLANG_WARN_DEPRECATED_OBJC_IMPLEMENTATIONS = YES;
				CLANG_WARN_DIRECT_OBJC_ISA_USAGE = YES_ERROR;
				CLANG_WARN_DOCUMENTATION_COMMENTS = YES;
				CLANG_WARN_EMPTY_BODY = YES;
				CLANG_WARN_ENUM_CONVERSION = YES;
				CLANG_WARN_INFINITE_RECURSION = YES;
				CLANG_WARN_INT_CONVERSION = YES;
				CLANG_WARN_NON_LITERAL_NULL_CONVERSION = YES;
				CLANG_WARN_OBJC_IMPLICIT_RETAIN_SELF = YES;
				CLANG_WARN_OBJC_LITERAL_CONVERSION = YES;
				CLANG_WARN_OBJC_ROOT_CLASS = YES_ERROR;
				CLANG_WARN_QUOTED_INCLUDE_IN_FRAMEWORK_HEADER = YES;
				CLANG_WARN_RANGE_LOOP_ANALYSIS = YES;
				CLANG_WARN_STRICT_PROTOTYPES = YES;
				CLANG_WARN_SUSPICIOUS_MOVE = YES;
				CLANG_WARN_UNGUARDED_AVAILABILITY = YES_AGGRESSIVE;
				CLANG_WARN_UNREACHABLE_CODE = YES;
				CLANG_WARN__DUPLICATE_METHOD_MATCH = YES;
				COPY_PHASE_STRIP = NO;
				DEBUG_INFORMATION_FORMAT = dwarf;
				DEVELOPMENT_TEAM = 34Z5QG59S2;
				ENABLE_STRICT_OBJC_MSGSEND = YES;
				ENABLE_TESTABILITY = YES;
				ENABLE_USER_SCRIPT_SANDBOXING = YES;
				GCC_C_LANGUAGE_STANDARD = gnu17;
				GCC_DYNAMIC_NO_PIC = NO;
				GCC_NO_COMMON_BLOCKS = YES;
				GCC_OPTIMIZATION_LEVEL = 0;
				GCC_PREPROCESSOR_DEFINITIONS = (
					"DEBUG=1",
					"$(inherited)",
				);
				GCC_WARN_64_TO_32_BIT_CONVERSION = YES;
				GCC_WARN_ABOUT_RETURN_TYPE = YES_ERROR;
				GCC_WARN_UNDECLARED_SELECTOR = YES;
				GCC_WARN_UNINITIALIZED_AUTOS = YES_AGGRESSIVE;
				GCC_WARN_UNUSED_FUNCTION = YES;
				GCC_WARN_UNUSED_VARIABLE = YES;
				IPHONEOS_DEPLOYMENT_TARGET = 18.4;
				LOCALIZATION_PREFERS_STRING_CATALOGS = YES;
				MTL_ENABLE_DEBUG_INFO = INCLUDE_SOURCE;
				MTL_FAST_MATH = YES;
				ONLY_ACTIVE_ARCH = YES;
				SDKROOT = iphoneos;
				SWIFT_ACTIVE_COMPILATION_CONDITIONS = "DEBUG $(inherited)";
				SWIFT_OPTIMIZATION_LEVEL = "-Onone";
			};
			name = Debug;
		};
		5B7D896E2DC018B000E2AAAB /* Release */ = {
			isa = XCBuildConfiguration;
			buildSettings = {
				ALWAYS_SEARCH_USER_PATHS = NO;
				ASSETCATALOG_COMPILER_GENERATE_SWIFT_ASSET_SYMBOL_EXTENSIONS = YES;
				CLANG_ANALYZER_NONNULL = YES;
				CLANG_ANALYZER_NUMBER_OBJECT_CONVERSION = YES_AGGRESSIVE;
				CLANG_CXX_LANGUAGE_STANDARD = "gnu++20";
				CLANG_ENABLE_MODULES = YES;
				CLANG_ENABLE_OBJC_ARC = YES;
				CLANG_ENABLE_OBJC_WEAK = YES;
				CLANG_WARN_BLOCK_CAPTURE_AUTORELEASING = YES;
				CLANG_WARN_BOOL_CONVERSION = YES;
				CLANG_WARN_COMMA = YES;
				CLANG_WARN_CONSTANT_CONVERSION = YES;
				CLANG_WARN_DEPRECATED_OBJC_IMPLEMENTATIONS = YES;
				CLANG_WARN_DIRECT_OBJC_ISA_USAGE = YES_ERROR;
				CLANG_WARN_DOCUMENTATION_COMMENTS = YES;
				CLANG_WARN_EMPTY_BODY = YES;
				CLANG_WARN_ENUM_CONVERSION = YES;
				CLANG_WARN_INFINITE_RECURSION = YES;
				CLANG_WARN_INT_CONVERSION = YES;
				CLANG_WARN_NON_LITERAL_NULL_CONVERSION = YES;
				CLANG_WARN_OBJC_IMPLICIT_RETAIN_SELF = YES;
				CLANG_WARN_OBJC_LITERAL_CONVERSION = YES;
				CLANG_WARN_OBJC_ROOT_CLASS = YES_ERROR;
				CLANG_WARN_QUOTED_INCLUDE_IN_FRAMEWORK_HEADER = YES;
				CLANG_WARN_RANGE_LOOP_ANALYSIS = YES;
				CLANG_WARN_STRICT_PROTOTYPES = YES;
				CLANG_WARN_SUSPICIOUS_MOVE = YES;
				CLANG_WARN_UNGUARDED_AVAILABILITY = YES_AGGRESSIVE;
				CLANG_WARN_UNREACHABLE_CODE = YES;
				CLANG_WARN__DUPLICATE_METHOD_MATCH = YES;
				COPY_PHASE_STRIP = NO;
				DEBUG_INFORMATION_FORMAT = "dwarf-with-dsym";
				DEVELOPMENT_TEAM = 34Z5QG59S2;
				ENABLE_NS_ASSERTIONS = NO;
				ENABLE_STRICT_OBJC_MSGSEND = YES;
				ENABLE_USER_SCRIPT_SANDBOXING = YES;
				GCC_C_LANGUAGE_STANDARD = gnu17;
				GCC_NO_COMMON_BLOCKS = YES;
				GCC_WARN_64_TO_32_BIT_CONVERSION = YES;
				GCC_WARN_ABOUT_RETURN_TYPE = YES_ERROR;
				GCC_WARN_UNDECLARED_SELECTOR = YES;
				GCC_WARN_UNINITIALIZED_AUTOS = YES_AGGRESSIVE;
				GCC_WARN_UNUSED_FUNCTION = YES;
				GCC_WARN_UNUSED_VARIABLE = YES;
				IPHONEOS_DEPLOYMENT_TARGET = 18.4;
				LOCALIZATION_PREFERS_STRING_CATALOGS = YES;
				MTL_ENABLE_DEBUG_INFO = NO;
				MTL_FAST_MATH = YES;
				SDKROOT = iphoneos;
				SWIFT_COMPILATION_MODE = wholemodule;
				VALIDATE_PRODUCT = YES;
			};
			name = Release;
		};
		5B7D89702DC018B000E2AAAB /* Debug */ = {
			isa = XCBuildConfiguration;
			buildSettings = {
				ASSETCATALOG_COMPILER_APPICON_NAME = AppIcon;
				ASSETCATALOG_COMPILER_GLOBAL_ACCENT_COLOR_NAME = AccentColor;
				CODE_SIGN_ENTITLEMENTS = StreamingAudioPlayer/StreamingAudioPlayer.entitlements;
				CODE_SIGN_IDENTITY = "Apple Development";
				CODE_SIGN_STYLE = Automatic;
				CURRENT_PROJECT_VERSION = 1;
				DEVELOPMENT_TEAM = MBM8NLR735;
				ENABLE_PREVIEWS = YES;
				GENERATE_INFOPLIST_FILE = YES;
				INFOPLIST_FILE = StreamingAudioPlayer/Info.plist;
				INFOPLIST_KEY_NSSupportsLiveActivities = YES;
				INFOPLIST_KEY_UIApplicationSupportsIndirectInputEvents = YES;
				INFOPLIST_KEY_UILaunchScreen_Generation = YES;
				INFOPLIST_KEY_UISupportedInterfaceOrientations = UIInterfaceOrientationPortrait;
				INFOPLIST_KEY_UISupportedInterfaceOrientations_iPad = "UIInterfaceOrientationPortrait UIInterfaceOrientationPortraitUpsideDown UIInterfaceOrientationLandscapeLeft UIInterfaceOrientationLandscapeRight";
				INFOPLIST_KEY_UISupportedInterfaceOrientations_iPhone = "UIInterfaceOrientationPortrait UIInterfaceOrientationLandscapeLeft UIInterfaceOrientationLandscapeRight";
				LD_RUNPATH_SEARCH_PATHS = (
					"$(inherited)",
					"@executable_path/Frameworks",
				);
				MARKETING_VERSION = 1.0;
				PRODUCT_BUNDLE_IDENTIFIER = karkadi.com.StreamingAudioPlayer;
				PRODUCT_NAME = "$(TARGET_NAME)";
				PROVISIONING_PROFILE_SPECIFIER = "";
				SWIFT_EMIT_LOC_STRINGS = YES;
				SWIFT_VERSION = 5.0;
				TARGETED_DEVICE_FAMILY = "1,2";
			};
			name = Debug;
		};
		5B7D89712DC018B000E2AAAB /* Release */ = {
			isa = XCBuildConfiguration;
			buildSettings = {
				ASSETCATALOG_COMPILER_APPICON_NAME = AppIcon;
				ASSETCATALOG_COMPILER_GLOBAL_ACCENT_COLOR_NAME = AccentColor;
				CODE_SIGN_ENTITLEMENTS = StreamingAudioPlayer/StreamingAudioPlayer.entitlements;
				CODE_SIGN_IDENTITY = "Apple Development";
				CODE_SIGN_STYLE = Automatic;
				CURRENT_PROJECT_VERSION = 1;
				DEVELOPMENT_TEAM = MBM8NLR735;
				ENABLE_PREVIEWS = YES;
				GENERATE_INFOPLIST_FILE = YES;
				INFOPLIST_FILE = StreamingAudioPlayer/Info.plist;
				INFOPLIST_KEY_NSSupportsLiveActivities = YES;
				INFOPLIST_KEY_UIApplicationSupportsIndirectInputEvents = YES;
				INFOPLIST_KEY_UILaunchScreen_Generation = YES;
				INFOPLIST_KEY_UISupportedInterfaceOrientations = UIInterfaceOrientationPortrait;
				INFOPLIST_KEY_UISupportedInterfaceOrientations_iPad = "UIInterfaceOrientationPortrait UIInterfaceOrientationPortraitUpsideDown UIInterfaceOrientationLandscapeLeft UIInterfaceOrientationLandscapeRight";
				INFOPLIST_KEY_UISupportedInterfaceOrientations_iPhone = "UIInterfaceOrientationPortrait UIInterfaceOrientationLandscapeLeft UIInterfaceOrientationLandscapeRight";
				LD_RUNPATH_SEARCH_PATHS = (
					"$(inherited)",
					"@executable_path/Frameworks",
				);
				MARKETING_VERSION = 1.0;
				PRODUCT_BUNDLE_IDENTIFIER = karkadi.com.StreamingAudioPlayer;
				PRODUCT_NAME = "$(TARGET_NAME)";
				PROVISIONING_PROFILE_SPECIFIER = "";
				SWIFT_EMIT_LOC_STRINGS = YES;
				SWIFT_VERSION = 5.0;
				TARGETED_DEVICE_FAMILY = "1,2";
			};
			name = Release;
		};
		5B7D89732DC018B000E2AAAB /* Debug */ = {
			isa = XCBuildConfiguration;
			buildSettings = {
				BUNDLE_LOADER = "$(TEST_HOST)";
				CODE_SIGN_STYLE = Automatic;
				CURRENT_PROJECT_VERSION = 1;
				DEVELOPMENT_TEAM = 34Z5QG59S2;
				GENERATE_INFOPLIST_FILE = YES;
				IPHONEOS_DEPLOYMENT_TARGET = 18.4;
				MARKETING_VERSION = 1.0;
				PRODUCT_BUNDLE_IDENTIFIER = amongus.com.StreamingAudioPlayerTests;
				PRODUCT_NAME = "$(TARGET_NAME)";
				SWIFT_EMIT_LOC_STRINGS = NO;
				SWIFT_VERSION = 5.0;
				TARGETED_DEVICE_FAMILY = "1,2";
				TEST_HOST = "$(BUILT_PRODUCTS_DIR)/StreamingAudioPlayer.app/$(BUNDLE_EXECUTABLE_FOLDER_PATH)/StreamingAudioPlayer";
			};
			name = Debug;
		};
		5B7D89742DC018B000E2AAAB /* Release */ = {
			isa = XCBuildConfiguration;
			buildSettings = {
				BUNDLE_LOADER = "$(TEST_HOST)";
				CODE_SIGN_STYLE = Automatic;
				CURRENT_PROJECT_VERSION = 1;
				DEVELOPMENT_TEAM = 34Z5QG59S2;
				GENERATE_INFOPLIST_FILE = YES;
				IPHONEOS_DEPLOYMENT_TARGET = 18.4;
				MARKETING_VERSION = 1.0;
				PRODUCT_BUNDLE_IDENTIFIER = amongus.com.StreamingAudioPlayerTests;
				PRODUCT_NAME = "$(TARGET_NAME)";
				SWIFT_EMIT_LOC_STRINGS = NO;
				SWIFT_VERSION = 5.0;
				TARGETED_DEVICE_FAMILY = "1,2";
				TEST_HOST = "$(BUILT_PRODUCTS_DIR)/StreamingAudioPlayer.app/$(BUNDLE_EXECUTABLE_FOLDER_PATH)/StreamingAudioPlayer";
			};
			name = Release;
		};
		5B7D89762DC018B000E2AAAB /* Debug */ = {
			isa = XCBuildConfiguration;
			buildSettings = {
				CODE_SIGN_STYLE = Automatic;
				CURRENT_PROJECT_VERSION = 1;
				DEVELOPMENT_TEAM = 34Z5QG59S2;
				GENERATE_INFOPLIST_FILE = YES;
				MARKETING_VERSION = 1.0;
				PRODUCT_BUNDLE_IDENTIFIER = amongus.com.StreamingAudioPlayerUITests;
				PRODUCT_NAME = "$(TARGET_NAME)";
				SWIFT_EMIT_LOC_STRINGS = NO;
				SWIFT_VERSION = 5.0;
				TARGETED_DEVICE_FAMILY = "1,2";
				TEST_TARGET_NAME = StreamingAudioPlayer;
			};
			name = Debug;
		};
		5B7D89772DC018B000E2AAAB /* Release */ = {
			isa = XCBuildConfiguration;
			buildSettings = {
				CODE_SIGN_STYLE = Automatic;
				CURRENT_PROJECT_VERSION = 1;
				DEVELOPMENT_TEAM = 34Z5QG59S2;
				GENERATE_INFOPLIST_FILE = YES;
				MARKETING_VERSION = 1.0;
				PRODUCT_BUNDLE_IDENTIFIER = amongus.com.StreamingAudioPlayerUITests;
				PRODUCT_NAME = "$(TARGET_NAME)";
				SWIFT_EMIT_LOC_STRINGS = NO;
				SWIFT_VERSION = 5.0;
				TARGETED_DEVICE_FAMILY = "1,2";
				TEST_TARGET_NAME = StreamingAudioPlayer;
			};
			name = Release;
		};
		5BD924802DC23796005A8BF6 /* Debug */ = {
			isa = XCBuildConfiguration;
			buildSettings = {
				ASSETCATALOG_COMPILER_GLOBAL_ACCENT_COLOR_NAME = AccentColor;
				ASSETCATALOG_COMPILER_WIDGET_BACKGROUND_COLOR_NAME = WidgetBackground;
				CODE_SIGN_ENTITLEMENTS = RadioLiveActivityWidgetExtension.entitlements;
				CODE_SIGN_STYLE = Automatic;
				CURRENT_PROJECT_VERSION = 1;
				DEVELOPMENT_TEAM = MBM8NLR735;
				GENERATE_INFOPLIST_FILE = YES;
				INFOPLIST_FILE = RadioLiveActivityWidget/Info.plist;
				INFOPLIST_KEY_CFBundleDisplayName = RadioLiveActivityWidget;
				INFOPLIST_KEY_NSHumanReadableCopyright = "";
				INFOPLIST_KEY_NSSupportsLiveActivities = YES;
				LD_RUNPATH_SEARCH_PATHS = (
					"$(inherited)",
					"@executable_path/Frameworks",
					"@executable_path/../../Frameworks",
				);
				MARKETING_VERSION = 1.0;
				PRODUCT_BUNDLE_IDENTIFIER = karkadi.com.StreamingAudioPlayer.RadioLiveActivityWidget;
				PRODUCT_NAME = "$(TARGET_NAME)";
				SKIP_INSTALL = YES;
				SWIFT_EMIT_LOC_STRINGS = YES;
				SWIFT_VERSION = 5.0;
				TARGETED_DEVICE_FAMILY = "1,2";
			};
			name = Debug;
		};
		5BD924812DC23796005A8BF6 /* Release */ = {
			isa = XCBuildConfiguration;
			buildSettings = {
				ASSETCATALOG_COMPILER_GLOBAL_ACCENT_COLOR_NAME = AccentColor;
				ASSETCATALOG_COMPILER_WIDGET_BACKGROUND_COLOR_NAME = WidgetBackground;
				CODE_SIGN_ENTITLEMENTS = RadioLiveActivityWidgetExtension.entitlements;
				CODE_SIGN_STYLE = Automatic;
				CURRENT_PROJECT_VERSION = 1;
				DEVELOPMENT_TEAM = MBM8NLR735;
				GENERATE_INFOPLIST_FILE = YES;
				INFOPLIST_FILE = RadioLiveActivityWidget/Info.plist;
				INFOPLIST_KEY_CFBundleDisplayName = RadioLiveActivityWidget;
				INFOPLIST_KEY_NSHumanReadableCopyright = "";
				INFOPLIST_KEY_NSSupportsLiveActivities = YES;
				LD_RUNPATH_SEARCH_PATHS = (
					"$(inherited)",
					"@executable_path/Frameworks",
					"@executable_path/../../Frameworks",
				);
				MARKETING_VERSION = 1.0;
				PRODUCT_BUNDLE_IDENTIFIER = karkadi.com.StreamingAudioPlayer.RadioLiveActivityWidget;
				PRODUCT_NAME = "$(TARGET_NAME)";
				SKIP_INSTALL = YES;
				SWIFT_EMIT_LOC_STRINGS = YES;
				SWIFT_VERSION = 5.0;
				TARGETED_DEVICE_FAMILY = "1,2";
			};
			name = Release;
		};
/* End XCBuildConfiguration section */

/* Begin XCConfigurationList section */
		5B7D89492DC018AE00E2AAAB /* Build configuration list for PBXProject "StreamingAudioPlayer" */ = {
			isa = XCConfigurationList;
			buildConfigurations = (
				5B7D896D2DC018B000E2AAAB /* Debug */,
				5B7D896E2DC018B000E2AAAB /* Release */,
			);
			defaultConfigurationIsVisible = 0;
			defaultConfigurationName = Release;
		};
		5B7D896F2DC018B000E2AAAB /* Build configuration list for PBXNativeTarget "StreamingAudioPlayer" */ = {
			isa = XCConfigurationList;
			buildConfigurations = (
				5B7D89702DC018B000E2AAAB /* Debug */,
				5B7D89712DC018B000E2AAAB /* Release */,
			);
			defaultConfigurationIsVisible = 0;
			defaultConfigurationName = Release;
		};
		5B7D89722DC018B000E2AAAB /* Build configuration list for PBXNativeTarget "StreamingAudioPlayerTests" */ = {
			isa = XCConfigurationList;
			buildConfigurations = (
				5B7D89732DC018B000E2AAAB /* Debug */,
				5B7D89742DC018B000E2AAAB /* Release */,
			);
			defaultConfigurationIsVisible = 0;
			defaultConfigurationName = Release;
		};
		5B7D89752DC018B000E2AAAB /* Build configuration list for PBXNativeTarget "StreamingAudioPlayerUITests" */ = {
			isa = XCConfigurationList;
			buildConfigurations = (
				5B7D89762DC018B000E2AAAB /* Debug */,
				5B7D89772DC018B000E2AAAB /* Release */,
			);
			defaultConfigurationIsVisible = 0;
			defaultConfigurationName = Release;
		};
		5BD9247F2DC23796005A8BF6 /* Build configuration list for PBXNativeTarget "RadioLiveActivityWidgetExtension" */ = {
			isa = XCConfigurationList;
			buildConfigurations = (
				5BD924802DC23796005A8BF6 /* Debug */,
				5BD924812DC23796005A8BF6 /* Release */,
			);
			defaultConfigurationIsVisible = 0;
			defaultConfigurationName = Release;
		};
/* End XCConfigurationList section */

/* Begin XCRemoteSwiftPackageReference section */
		5B3148362DCB81F000AFDE0A /* XCRemoteSwiftPackageReference "CachedAsyncImage" */ = {
			isa = XCRemoteSwiftPackageReference;
			repositoryURL = "https://github.com/bullinnyc/CachedAsyncImage";
			requirement = {
				kind = upToNextMajorVersion;
				minimumVersion = 2.6.0;
			};
		};
		5B7D899E2DC01A4100E2AAAB /* XCRemoteSwiftPackageReference "swift-composable-architecture" */ = {
			isa = XCRemoteSwiftPackageReference;
			repositoryURL = "https://github.com/pointfreeco/swift-composable-architecture";
			requirement = {
				kind = upToNextMajorVersion;
				minimumVersion = 1.19.1;
			};
		};
/* End XCRemoteSwiftPackageReference section */

/* Begin XCSwiftPackageProductDependency section */
		5B3148372DCB81F000AFDE0A /* CachedAsyncImage */ = {
			isa = XCSwiftPackageProductDependency;
			package = 5B3148362DCB81F000AFDE0A /* XCRemoteSwiftPackageReference "CachedAsyncImage" */;
			productName = CachedAsyncImage;
		};
		5B7D899F2DC01A4100E2AAAB /* ComposableArchitecture */ = {
			isa = XCSwiftPackageProductDependency;
			package = 5B7D899E2DC01A4100E2AAAB /* XCRemoteSwiftPackageReference "swift-composable-architecture" */;
			productName = ComposableArchitecture;
		};
/* End XCSwiftPackageProductDependency section */
	};
	rootObject = 5B7D89462DC018AE00E2AAAB /* Project object */;
}
