// !$*UTF8*$!
{
	archiveVersion = 1;
	classes = {
	};
	objectVersion = 77;
	objects = {

/* Begin PBXBuildFile section */
		5B7D89A02DC01A4100E2AAAB /* ComposableArchitecture in Frameworks */ = {isa = PBXBuildFile; productRef = 5B7D899F2DC01A4100E2AAAB /* ComposableArchitecture */; };
/* End PBXBuildFile section */

/* Begin PBXContainerItemProxy section */
		5B7D895C2DC018B000E2AAAB /* PBXContainerItemProxy */ = {
			isa = PBXContainerItemProxy;
			containerPortal = 5B7D89462DC018AE00E2AAAB /* Project object */;
			proxyType = 1;
			remoteGlobalIDString = 5B7D894D2DC018AE00E2AAAB;
			remoteInfo = StreamingAudioPlayer;
		};
		5B7D89662DC018B000E2AAAB /* PBXContainerItemProxy */ = {
			isa = PBXContainerItemProxy;
			containerPortal = 5B7D89462DC018AE00E2AAAB /* Project object */;
			proxyType = 1;
			remoteGlobalIDString = 5B7D894D2DC018AE00E2AAAB;
			remoteInfo = StreamingAudioPlayer;
		};
/* End PBXContainerItemProxy section */

/* Begin PBXFileReference section */
		5B7D894E2DC018AE00E2AAAB /* StreamingAudioPlayer.app */ = {isa = PBXFileReference; explicitFileType = wrapper.application; includeInIndex = 0; path = StreamingAudioPlayer.app; sourceTree = BUILT_PRODUCTS_DIR; };
		5B7D895B2DC018B000E2AAAB /* StreamingAudioPlayerTests.xctest */ = {isa = PBXFileReference; explicitFileType = wrapper.cfbundle; includeInIndex = 0; path = StreamingAudioPlayerTests.xctest; sourceTree = BUILT_PRODUCTS_DIR; };
		5B7D89652DC018B000E2AAAB /* StreamingAudioPlayerUITests.xctest */ = {isa = PBXFileReference; explicitFileType = wrapper.cfbundle; includeInIndex = 0; path = StreamingAudioPlayerUITests.xctest; sourceTree = BUILT_PRODUCTS_DIR; };
/* End PBXFileReference section */

/* Begin PBXFileSystemSynchronizedBuildFileExceptionSet section */
		5B7058A72DC0F7D200C6C5A3 /* Exceptions for "StreamingAudioPlayer" folder in "StreamingAudioPlayer" target */ = {
			isa = PBXFileSystemSynchronizedBuildFileExceptionSet;
			membershipExceptions = (
				Info.plist,
			);
			target = 5B7D894D2DC018AE00E2AAAB /* StreamingAudioPlayer */;
		};
/* End PBXFileSystemSynchronizedBuildFileExceptionSet section */

/* Begin PBXFileSystemSynchronizedRootGroup section */
		5B7D89502DC018AE00E2AAAB /* StreamingAudioPlayer */ = {
			isa = PBXFileSystemSynchronizedRootGroup;
			exceptions = (
				5B7058A72DC0F7D200C6C5A3 /* Exceptions for "StreamingAudioPlayer" folder in "StreamingAudioPlayer" target */,
			);
			path = StreamingAudioPlayer;
			sourceTree = "<group>";
		};
		5B7D895E2DC018B000E2AAAB /* StreamingAudioPlayerTests */ = {
			isa = PBXFileSystemSynchronizedRootGroup;
			path = StreamingAudioPlayerTests;
			sourceTree = "<group>";
		};
		5B7D89682DC018B000E2AAAB /* StreamingAudioPlayerUITests */ = {
			isa = PBXFileSystemSynchronizedRootGroup;
			path = StreamingAudioPlayerUITests;
			sourceTree = "<group>";
		};
/* End PBXFileSystemSynchronizedRootGroup section */

/* Begin PBXFrameworksBuildPhase section */
		5B7D894B2DC018AE00E2AAAB /* Frameworks */ = {
			isa = PBXFrameworksBuildPhase;
			buildActionMask = 2147483647;
			files = (
				5B7D89A02DC01A4100E2AAAB /* ComposableArchitecture in Frameworks */,
			);
			runOnlyForDeploymentPostprocessing = 0;
		};
		5B7D89582DC018B000E2AAAB /* Frameworks */ = {
			isa = PBXFrameworksBuildPhase;
			buildActionMask = 2147483647;
			files = (
			);
			runOnlyForDeploymentPostprocessing = 0;
		};
		5B7D89622DC018B000E2AAAB /* Frameworks */ = {
			isa = PBXFrameworksBuildPhase;
			buildActionMask = 2147483647;
			files = (
			);
			runOnlyForDeploymentPostprocessing = 0;
		};
/* End PBXFrameworksBuildPhase section */

/* Begin PBXGroup section */
		5B7D89452DC018AE00E2AAAB = {
			isa = PBXGroup;
			children = (
				5B7D89502DC018AE00E2AAAB /* StreamingAudioPlayer */,
				5B7D895E2DC018B000E2AAAB /* StreamingAudioPlayerTests */,
				5B7D89682DC018B000E2AAAB /* StreamingAudioPlayerUITests */,
				5B7D894F2DC018AE00E2AAAB /* Products */,
			);
			sourceTree = "<group>";
		};
		5B7D894F2DC018AE00E2AAAB /* Products */ = {
			isa = PBXGroup;
			children = (
				5B7D894E2DC018AE00E2AAAB /* StreamingAudioPlayer.app */,
				5B7D895B2DC018B000E2AAAB /* StreamingAudioPlayerTests.xctest */,
				5B7D89652DC018B000E2AAAB /* StreamingAudioPlayerUITests.xctest */,
			);
			name = Products;
			sourceTree = "<group>";
		};
/* End PBXGroup section */

/* Begin PBXNativeTarget section */
		5B7D894D2DC018AE00E2AAAB /* StreamingAudioPlayer */ = {
			isa = PBXNativeTarget;
			buildConfigurationList = 5B7D896F2DC018B000E2AAAB /* Build configuration list for PBXNativeTarget "StreamingAudioPlayer" */;
			buildPhases = (
				5B7D894A2DC018AE00E2AAAB /* Sources */,
				5B7D894B2DC018AE00E2AAAB /* Frameworks */,
				5B7D894C2DC018AE00E2AAAB /* Resources */,
			);
			buildRules = (
			);
			dependencies = (
			);
			fileSystemSynchronizedGroups = (
				5B7D89502DC018AE00E2AAAB /* StreamingAudioPlayer */,
			);
			name = StreamingAudioPlayer;
			packageProductDependencies = (
				5B7D899F2DC01A4100E2AAAB /* ComposableArchitecture */,
			);
			productName = StreamingAudioPlayer;
			productReference = 5B7D894E2DC018AE00E2AAAB /* StreamingAudioPlayer.app */;
			productType = "com.apple.product-type.application";
		};
		5B7D895A2DC018B000E2AAAB /* StreamingAudioPlayerTests */ = {
			isa = PBXNativeTarget;
			buildConfigurationList = 5B7D89722DC018B000E2AAAB /* Build configuration list for PBXNativeTarget "StreamingAudioPlayerTests" */;
			buildPhases = (
				5B7D89572DC018B000E2AAAB /* Sources */,
				5B7D89582DC018B000E2AAAB /* Frameworks */,
				5B7D89592DC018B000E2AAAB /* Resources */,
			);
			buildRules = (
			);
			dependencies = (
				5B7D895D2DC018B000E2AAAB /* PBXTargetDependency */,
			);
			fileSystemSynchronizedGroups = (
				5B7D895E2DC018B000E2AAAB /* StreamingAudioPlayerTests */,
			);
			name = StreamingAudioPlayerTests;
			packageProductDependencies = (
			);
			productName = StreamingAudioPlayerTests;
			productReference = 5B7D895B2DC018B000E2AAAB /* StreamingAudioPlayerTests.xctest */;
			productType = "com.apple.product-type.bundle.unit-test";
		};
		5B7D89642DC018B000E2AAAB /* StreamingAudioPlayerUITests */ = {
			isa = PBXNativeTarget;
			buildConfigurationList = 5B7D89752DC018B000E2AAAB /* Build configuration list for PBXNativeTarget "StreamingAudioPlayerUITests" */;
			buildPhases = (
				5B7D89612DC018B000E2AAAB /* Sources */,
				5B7D89622DC018B000E2AAAB /* Frameworks */,
				5B7D89632DC018B000E2AAAB /* Resources */,
			);
			buildRules = (
			);
			dependencies = (
				5B7D89672DC018B000E2AAAB /* PBXTargetDependency */,
			);
			fileSystemSynchronizedGroups = (
				5B7D89682DC018B000E2AAAB /* StreamingAudioPlayerUITests */,
			);
			name = StreamingAudioPlayerUITests;
			packageProductDependencies = (
			);
			productName = StreamingAudioPlayerUITests;
			productReference = 5B7D89652DC018B000E2AAAB /* StreamingAudioPlayerUITests.xctest */;
			productType = "com.apple.product-type.bundle.ui-testing";
		};
/* End PBXNativeTarget section */

/* Begin PBXProject section */
		5B7D89462DC018AE00E2AAAB /* Project object */ = {
			isa = PBXProject;
			attributes = {
				BuildIndependentTargetsInParallel = 1;
				LastSwiftUpdateCheck = 1630;
				LastUpgradeCheck = 1630;
				TargetAttributes = {
					5B7D894D2DC018AE00E2AAAB = {
						CreatedOnToolsVersion = 16.3;
					};
					5B7D895A2DC018B000E2AAAB = {
						CreatedOnToolsVersion = 16.3;
						TestTargetID = 5B7D894D2DC018AE00E2AAAB;
					};
					5B7D89642DC018B000E2AAAB = {
						CreatedOnToolsVersion = 16.3;
						TestTargetID = 5B7D894D2DC018AE00E2AAAB;
					};
				};
			};
			buildConfigurationList = 5B7D89492DC018AE00E2AAAB /* Build configuration list for PBXProject "StreamingAudioPlayer" */;
			developmentRegion = en;
			hasScannedForEncodings = 0;
			knownRegions = (
				en,
				Base,
			);
			mainGroup = 5B7D89452DC018AE00E2AAAB;
			minimizedProjectReferenceProxies = 1;
			packageReferences = (
				5B7D899E2DC01A4100E2AAAB /* XCRemoteSwiftPackageReference "swift-composable-architecture" */,
			);
			preferredProjectObjectVersion = 77;
			productRefGroup = 5B7D894F2DC018AE00E2AAAB /* Products */;
			projectDirPath = "";
			projectRoot = "";
			targets = (
				5B7D894D2DC018AE00E2AAAB /* StreamingAudioPlayer */,
				5B7D895A2DC018B000E2AAAB /* StreamingAudioPlayerTests */,
				5B7D89642DC018B000E2AAAB /* StreamingAudioPlayerUITests */,
			);
		};
/* End PBXProject section */

/* Begin PBXResourcesBuildPhase section */
		5B7D894C2DC018AE00E2AAAB /* Resources */ = {
			isa = PBXResourcesBuildPhase;
			buildActionMask = 2147483647;
			files = (
			);
			runOnlyForDeploymentPostprocessing = 0;
		};
		5B7D89592DC018B000E2AAAB /* Resources */ = {
			isa = PBXResourcesBuildPhase;
			buildActionMask = 2147483647;
			files = (
			);
			runOnlyForDeploymentPostprocessing = 0;
		};
		5B7D89632DC018B000E2AAAB /* Resources */ = {
			isa = PBXResourcesBuildPhase;
			buildActionMask = 2147483647;
			files = (
			);
			runOnlyForDeploymentPostprocessing = 0;
		};
/* End PBXResourcesBuildPhase section */

/* Begin PBXSourcesBuildPhase section */
		5B7D894A2DC018AE00E2AAAB /* Sources */ = {
			isa = PBXSourcesBuildPhase;
			buildActionMask = 2147483647;
			files = (
			);
			runOnlyForDeploymentPostprocessing = 0;
		};
		5B7D89572DC018B000E2AAAB /* Sources */ = {
			isa = PBXSourcesBuildPhase;
			buildActionMask = 2147483647;
			files = (
			);
			runOnlyForDeploymentPostprocessing = 0;
		};
		5B7D89612DC018B000E2AAAB /* Sources */ = {
			isa = PBXSourcesBuildPhase;
			buildActionMask = 2147483647;
			files = (
			);
			runOnlyForDeploymentPostprocessing = 0;
		};
/* End PBXSourcesBuildPhase section */

/* Begin PBXTargetDependency section */
		5B7D895D2DC018B000E2AAAB /* PBXTargetDependency */ = {
			isa = PBXTargetDependency;
			target = 5B7D894D2DC018AE00E2AAAB /* StreamingAudioPlayer */;
			targetProxy = 5B7D895C2DC018B000E2AAAB /* PBXContainerItemProxy */;
		};
		5B7D89672DC018B000E2AAAB /* PBXTargetDependency */ = {
			isa = PBXTargetDependency;
			target = 5B7D894D2DC018AE00E2AAAB /* StreamingAudioPlayer */;
			targetProxy = 5B7D89662DC018B000E2AAAB /* PBXContainerItemProxy */;
		};
/* End PBXTargetDependency section */

/* Begin XCBuildConfiguration section */
		5B7D896D2DC018B000E2AAAB /* Debug */ = {
			isa = XCBuildConfiguration;
			buildSettings = {
				ALWAYS_SEARCH_USER_PATHS = NO;
				ASSETCATALOG_COMPILER_GENERATE_SWIFT_ASSET_SYMBOL_EXTENSIONS = YES;
				CLANG_ANALYZER_NONNULL = YES;
				CLANG_ANALYZER_NUMBER_OBJECT_CONVERSION = YES_AGGRESSIVE;
				CLANG_CXX_LANGUAGE_STANDARD = "gnu++20";
				CLANG_ENABLE_MODULES = YES;
				CLANG_ENABLE_OBJC_ARC = YES;
				CLANG_ENABLE_OBJC_WEAK = YES;
				CLANG_WARN_BLOCK_CAPTURE_AUTORELEASING = YES;
				CLANG_WARN_BOOL_CONVERSION = YES;
				CLANG_WARN_COMMA = YES;
				CLANG_WARN_CONSTANT_CONVERSION = YES;
				CLANG_WARN_DEPRECATED_OBJC_IMPLEMENTATIONS = YES;
				CLANG_WARN_DIRECT_OBJC_ISA_USAGE = YES_ERROR;
				CLANG_WARN_DOCUMENTATION_COMMENTS = YES;
				CLANG_WARN_EMPTY_BODY = YES;
				CLANG_WARN_ENUM_CONVERSION = YES;
				CLANG_WARN_INFINITE_RECURSION = YES;
				CLANG_WARN_INT_CONVERSION = YES;
				CLANG_WARN_NON_LITERAL_NULL_CONVERSION = YES;
				CLANG_WARN_OBJC_IMPLICIT_RETAIN_SELF = YES;
				CLANG_WARN_OBJC_LITERAL_CONVERSION = YES;
				CLANG_WARN_OBJC_ROOT_CLASS = YES_ERROR;
				CLANG_WARN_QUOTED_INCLUDE_IN_FRAMEWORK_HEADER = YES;
				CLANG_WARN_RANGE_LOOP_ANALYSIS = YES;
				CLANG_WARN_STRICT_PROTOTYPES = YES;
				CLANG_WARN_SUSPICIOUS_MOVE = YES;
				CLANG_WARN_UNGUARDED_AVAILABILITY = YES_AGGRESSIVE;
				CLANG_WARN_UNREACHABLE_CODE = YES;
				CLANG_WARN__DUPLICATE_METHOD_MATCH = YES;
				COPY_PHASE_STRIP = NO;
				DEBUG_INFORMATION_FORMAT = dwarf;
				DEVELOPMENT_TEAM = 34Z5QG59S2;
				ENABLE_STRICT_OBJC_MSGSEND = YES;
				ENABLE_TESTABILITY = YES;
				ENABLE_USER_SCRIPT_SANDBOXING = YES;
				GCC_C_LANGUAGE_STANDARD = gnu17;
				GCC_DYNAMIC_NO_PIC = NO;
				GCC_NO_COMMON_BLOCKS = YES;
				GCC_OPTIMIZATION_LEVEL = 0;
				GCC_PREPROCESSOR_DEFINITIONS = (
					"DEBUG=1",
					"$(inherited)",
				);
				GCC_WARN_64_TO_32_BIT_CONVERSION = YES;
				GCC_WARN_ABOUT_RETURN_TYPE = YES_ERROR;
				GCC_WARN_UNDECLARED_SELECTOR = YES;
				GCC_WARN_UNINITIALIZED_AUTOS = YES_AGGRESSIVE;
				GCC_WARN_UNUSED_FUNCTION = YES;
				GCC_WARN_UNUSED_VARIABLE = YES;
				IPHONEOS_DEPLOYMENT_TARGET = 18.4;
				LOCALIZATION_PREFERS_STRING_CATALOGS = YES;
				MTL_ENABLE_DEBUG_INFO = INCLUDE_SOURCE;
				MTL_FAST_MATH = YES;
				ONLY_ACTIVE_ARCH = YES;
				SDKROOT = iphoneos;
				SWIFT_ACTIVE_COMPILATION_CONDITIONS = "DEBUG $(inherited)";
				SWIFT_OPTIMIZATION_LEVEL = "-Onone";
			};
			name = Debug;
		};
		5B7D896E2DC018B000E2AAAB /* Release */ = {
			isa = XCBuildConfiguration;
			buildSettings = {
				ALWAYS_SEARCH_USER_PATHS = NO;
				ASSETCATALOG_COMPILER_GENERATE_SWIFT_ASSET_SYMBOL_EXTENSIONS = YES;
				CLANG_ANALYZER_NONNULL = YES;
				CLANG_ANALYZER_NUMBER_OBJECT_CONVERSION = YES_AGGRESSIVE;
				CLANG_CXX_LANGUAGE_STANDARD = "gnu++20";
				CLANG_ENABLE_MODULES = YES;
				CLANG_ENABLE_OBJC_ARC = YES;
				CLANG_ENABLE_OBJC_WEAK = YES;
				CLANG_WARN_BLOCK_CAPTURE_AUTORELEASING = YES;
				CLANG_WARN_BOOL_CONVERSION = YES;
				CLANG_WARN_COMMA = YES;
				CLANG_WARN_CONSTANT_CONVERSION = YES;
				CLANG_WARN_DEPRECATED_OBJC_IMPLEMENTATIONS = YES;
				CLANG_WARN_DIRECT_OBJC_ISA_USAGE = YES_ERROR;
				CLANG_WARN_DOCUMENTATION_COMMENTS = YES;
				CLANG_WARN_EMPTY_BODY = YES;
				CLANG_WARN_ENUM_CONVERSION = YES;
				CLANG_WARN_INFINITE_RECURSION = YES;
				CLANG_WARN_INT_CONVERSION = YES;
				CLANG_WARN_NON_LITERAL_NULL_CONVERSION = YES;
				CLANG_WARN_OBJC_IMPLICIT_RETAIN_SELF = YES;
				CLANG_WARN_OBJC_LITERAL_CONVERSION = YES;
				CLANG_WARN_OBJC_ROOT_CLASS = YES_ERROR;
				CLANG_WARN_QUOTED_INCLUDE_IN_FRAMEWORK_HEADER = YES;
				CLANG_WARN_RANGE_LOOP_ANALYSIS = YES;
				CLANG_WARN_STRICT_PROTOTYPES = YES;
				CLANG_WARN_SUSPICIOUS_MOVE = YES;
				CLANG_WARN_UNGUARDED_AVAILABILITY = YES_AGGRESSIVE;
				CLANG_WARN_UNREACHABLE_CODE = YES;
				CLANG_WARN__DUPLICATE_METHOD_MATCH = YES;
				COPY_PHASE_STRIP = NO;
				DEBUG_INFORMATION_FORMAT = "dwarf-with-dsym";
				DEVELOPMENT_TEAM = 34Z5QG59S2;
				ENABLE_NS_ASSERTIONS = NO;
				ENABLE_STRICT_OBJC_MSGSEND = YES;
				ENABLE_USER_SCRIPT_SANDBOXING = YES;
				GCC_C_LANGUAGE_STANDARD = gnu17;
				GCC_NO_COMMON_BLOCKS = YES;
				GCC_WARN_64_TO_32_BIT_CONVERSION = YES;
				GCC_WARN_ABOUT_RETURN_TYPE = YES_ERROR;
				GCC_WARN_UNDECLARED_SELECTOR = YES;
				GCC_WARN_UNINITIALIZED_AUTOS = YES_AGGRESSIVE;
				GCC_WARN_UNUSED_FUNCTION = YES;
				GCC_WARN_UNUSED_VARIABLE = YES;
				IPHONEOS_DEPLOYMENT_TARGET = 18.4;
				LOCALIZATION_PREFERS_STRING_CATALOGS = YES;
				MTL_ENABLE_DEBUG_INFO = NO;
				MTL_FAST_MATH = YES;
				SDKROOT = iphoneos;
				SWIFT_COMPILATION_MODE = wholemodule;
				VALIDATE_PRODUCT = YES;
			};
			name = Release;
		};
		5B7D89702DC018B000E2AAAB /* Debug */ = {
			isa = XCBuildConfiguration;
			buildSettings = {
				ASSETCATALOG_COMPILER_APPICON_NAME = AppIcon;
				ASSETCATALOG_COMPILER_GLOBAL_ACCENT_COLOR_NAME = AccentColor;
				CODE_SIGN_STYLE = Automatic;
				CURRENT_PROJECT_VERSION = 1;
				DEVELOPMENT_TEAM = 34Z5QG59S2;
				ENABLE_PREVIEWS = YES;
				GENERATE_INFOPLIST_FILE = YES;
				INFOPLIST_FILE = StreamingAudioPlayer/Info.plist;
				INFOPLIST_KEY_UIApplicationSceneManifest_Generation = YES;
				INFOPLIST_KEY_UIApplicationSupportsIndirectInputEvents = YES;
				INFOPLIST_KEY_UILaunchScreen_Generation = YES;
				INFOPLIST_KEY_UISupportedInterfaceOrientations_iPad = "UIInterfaceOrientationPortrait UIInterfaceOrientationPortraitUpsideDown UIInterfaceOrientationLandscapeLeft UIInterfaceOrientationLandscapeRight";
				INFOPLIST_KEY_UISupportedInterfaceOrientations_iPhone = "UIInterfaceOrientationPortrait UIInterfaceOrientationLandscapeLeft UIInterfaceOrientationLandscapeRight";
				LD_RUNPATH_SEARCH_PATHS = (
					"$(inherited)",
					"@executable_path/Frameworks",
				);
				MARKETING_VERSION = 1.0;
				PRODUCT_BUNDLE_IDENTIFIER = amongus.com.StreamingAudioPlayer;
				PRODUCT_NAME = "$(TARGET_NAME)";
				SWIFT_EMIT_LOC_STRINGS = YES;
				SWIFT_VERSION = 5.0;
				TARGETED_DEVICE_FAMILY = "1,2";
			};
			name = Debug;
		};
		5B7D89712DC018B000E2AAAB /* Release */ = {
			isa = XCBuildConfiguration;
			buildSettings = {
				ASSETCATALOG_COMPILER_APPICON_NAME = AppIcon;
				ASSETCATALOG_COMPILER_GLOBAL_ACCENT_COLOR_NAME = AccentColor;
				CODE_SIGN_STYLE = Automatic;
				CURRENT_PROJECT_VERSION = 1;
				DEVELOPMENT_TEAM = 34Z5QG59S2;
				ENABLE_PREVIEWS = YES;
				GENERATE_INFOPLIST_FILE = YES;
				INFOPLIST_FILE = StreamingAudioPlayer/Info.plist;
				INFOPLIST_KEY_UIApplicationSceneManifest_Generation = YES;
				INFOPLIST_KEY_UIApplicationSupportsIndirectInputEvents = YES;
				INFOPLIST_KEY_UILaunchScreen_Generation = YES;
				INFOPLIST_KEY_UISupportedInterfaceOrientations_iPad = "UIInterfaceOrientationPortrait UIInterfaceOrientationPortraitUpsideDown UIInterfaceOrientationLandscapeLeft UIInterfaceOrientationLandscapeRight";
				INFOPLIST_KEY_UISupportedInterfaceOrientations_iPhone = "UIInterfaceOrientationPortrait UIInterfaceOrientationLandscapeLeft UIInterfaceOrientationLandscapeRight";
				LD_RUNPATH_SEARCH_PATHS = (
					"$(inherited)",
					"@executable_path/Frameworks",
				);
				MARKETING_VERSION = 1.0;
				PRODUCT_BUNDLE_IDENTIFIER = amongus.com.StreamingAudioPlayer;
				PRODUCT_NAME = "$(TARGET_NAME)";
				SWIFT_EMIT_LOC_STRINGS = YES;
				SWIFT_VERSION = 5.0;
				TARGETED_DEVICE_FAMILY = "1,2";
			};
			name = Release;
		};
		5B7D89732DC018B000E2AAAB /* Debug */ = {
			isa = XCBuildConfiguration;
			buildSettings = {
				BUNDLE_LOADER = "$(TEST_HOST)";
				CODE_SIGN_STYLE = Automatic;
				CURRENT_PROJECT_VERSION = 1;
				DEVELOPMENT_TEAM = 34Z5QG59S2;
				GENERATE_INFOPLIST_FILE = YES;
				IPHONEOS_DEPLOYMENT_TARGET = 18.4;
				MARKETING_VERSION = 1.0;
				PRODUCT_BUNDLE_IDENTIFIER = amongus.com.StreamingAudioPlayerTests;
				PRODUCT_NAME = "$(TARGET_NAME)";
				SWIFT_EMIT_LOC_STRINGS = NO;
				SWIFT_VERSION = 5.0;
				TARGETED_DEVICE_FAMILY = "1,2";
				TEST_HOST = "$(BUILT_PRODUCTS_DIR)/StreamingAudioPlayer.app/$(BUNDLE_EXECUTABLE_FOLDER_PATH)/StreamingAudioPlayer";
			};
			name = Debug;
		};
		5B7D89742DC018B000E2AAAB /* Release */ = {
			isa = XCBuildConfiguration;
			buildSettings = {
				BUNDLE_LOADER = "$(TEST_HOST)";
				CODE_SIGN_STYLE = Automatic;
				CURRENT_PROJECT_VERSION = 1;
				DEVELOPMENT_TEAM = 34Z5QG59S2;
				GENERATE_INFOPLIST_FILE = YES;
				IPHONEOS_DEPLOYMENT_TARGET = 18.4;
				MARKETING_VERSION = 1.0;
				PRODUCT_BUNDLE_IDENTIFIER = amongus.com.StreamingAudioPlayerTests;
				PRODUCT_NAME = "$(TARGET_NAME)";
				SWIFT_EMIT_LOC_STRINGS = NO;
				SWIFT_VERSION = 5.0;
				TARGETED_DEVICE_FAMILY = "1,2";
				TEST_HOST = "$(BUILT_PRODUCTS_DIR)/StreamingAudioPlayer.app/$(BUNDLE_EXECUTABLE_FOLDER_PATH)/StreamingAudioPlayer";
			};
			name = Release;
		};
		5B7D89762DC018B000E2AAAB /* Debug */ = {
			isa = XCBuildConfiguration;
			buildSettings = {
				CODE_SIGN_STYLE = Automatic;
				CURRENT_PROJECT_VERSION = 1;
				DEVELOPMENT_TEAM = 34Z5QG59S2;
				GENERATE_INFOPLIST_FILE = YES;
				MARKETING_VERSION = 1.0;
				PRODUCT_BUNDLE_IDENTIFIER = amongus.com.StreamingAudioPlayerUITests;
				PRODUCT_NAME = "$(TARGET_NAME)";
				SWIFT_EMIT_LOC_STRINGS = NO;
				SWIFT_VERSION = 5.0;
				TARGETED_DEVICE_FAMILY = "1,2";
				TEST_TARGET_NAME = StreamingAudioPlayer;
			};
			name = Debug;
		};
		5B7D89772DC018B000E2AAAB /* Release */ = {
			isa = XCBuildConfiguration;
			buildSettings = {
				CODE_SIGN_STYLE = Automatic;
				CURRENT_PROJECT_VERSION = 1;
				DEVELOPMENT_TEAM = 34Z5QG59S2;
				GENERATE_INFOPLIST_FILE = YES;
				MARKETING_VERSION = 1.0;
				PRODUCT_BUNDLE_IDENTIFIER = amongus.com.StreamingAudioPlayerUITests;
				PRODUCT_NAME = "$(TARGET_NAME)";
				SWIFT_EMIT_LOC_STRINGS = NO;
				SWIFT_VERSION = 5.0;
				TARGETED_DEVICE_FAMILY = "1,2";
				TEST_TARGET_NAME = StreamingAudioPlayer;
			};
			name = Release;
		};
/* End XCBuildConfiguration section */

/* Begin XCConfigurationList section */
		5B7D89492DC018AE00E2AAAB /* Build configuration list for PBXProject "StreamingAudioPlayer" */ = {
			isa = XCConfigurationList;
			buildConfigurations = (
				5B7D896D2DC018B000E2AAAB /* Debug */,
				5B7D896E2DC018B000E2AAAB /* Release */,
			);
			defaultConfigurationIsVisible = 0;
			defaultConfigurationName = Release;
		};
		5B7D896F2DC018B000E2AAAB /* Build configuration list for PBXNativeTarget "StreamingAudioPlayer" */ = {
			isa = XCConfigurationList;
			buildConfigurations = (
				5B7D89702DC018B000E2AAAB /* Debug */,
				5B7D89712DC018B000E2AAAB /* Release */,
			);
			defaultConfigurationIsVisible = 0;
			defaultConfigurationName = Release;
		};
		5B7D89722DC018B000E2AAAB /* Build configuration list for PBXNativeTarget "StreamingAudioPlayerTests" */ = {
			isa = XCConfigurationList;
			buildConfigurations = (
				5B7D89732DC018B000E2AAAB /* Debug */,
				5B7D89742DC018B000E2AAAB /* Release */,
			);
			defaultConfigurationIsVisible = 0;
			defaultConfigurationName = Release;
		};
		5B7D89752DC018B000E2AAAB /* Build configuration list for PBXNativeTarget "StreamingAudioPlayerUITests" */ = {
			isa = XCConfigurationList;
			buildConfigurations = (
				5B7D89762DC018B000E2AAAB /* Debug */,
				5B7D89772DC018B000E2AAAB /* Release */,
			);
			defaultConfigurationIsVisible = 0;
			defaultConfigurationName = Release;
		};
/* End XCConfigurationList section */

/* Begin XCRemoteSwiftPackageReference section */
		5B7D899E2DC01A4100E2AAAB /* XCRemoteSwiftPackageReference "swift-composable-architecture" */ = {
			isa = XCRemoteSwiftPackageReference;
			repositoryURL = "https://github.com/pointfreeco/swift-composable-architecture";
			requirement = {
				kind = upToNextMajorVersion;
				minimumVersion = 1.19.1;
			};
		};
/* End XCRemoteSwiftPackageReference section */

/* Begin XCSwiftPackageProductDependency section */
		5B7D899F2DC01A4100E2AAAB /* ComposableArchitecture */ = {
			isa = XCSwiftPackageProductDependency;
			package = 5B7D899E2DC01A4100E2AAAB /* XCRemoteSwiftPackageReference "swift-composable-architecture" */;
			productName = ComposableArchitecture;
		};
/* End XCSwiftPackageProductDependency section */
	};
	rootObject = 5B7D89462DC018AE00E2AAAB /* Project object */;
}
